
Microsoft Visual Studio Solution File, Format Version 12.00
# Visual Studio 15
VisualStudioVersion = 15.0.26730.15
MinimumVisualStudioVersion = 10.0.40219.1
Project("{FAE04EC0-301F-11D3-BF4B-00C04F79EFBC}") = "ABranchPrediction", "ABranchPrediction\ABranchPrediction.csproj", "{2C3C91EF-80AB-4025-8617-AE3515D3FAEB}"
EndProject
Project("{FAE04EC0-301F-11D3-BF4B-00C04F79EFBC}") = "BlockingUI", "BlockingUI\BlockingUI.csproj", "{89616E00-5E9F-4B85-A61E-C1FA545E43E8}"
EndProject
Project("{FAE04EC0-301F-11D3-BF4B-00C04F79EFBC}") = "DelegatesDemo", "DelegatesDemo\DelegatesDemo.csproj", "{05E1E77C-2B28-4EB3-80D9-34D21CEA9DAD}"
EndProject
Project("{FAE04EC0-301F-11D3-BF4B-00C04F79EFBC}") = "InitializersDemo", "InitializersDemo\InitializersDemo.csproj", "{0634EBA5-D629-48BC-9295-5C157AFB1320}"
EndProject
Project("{FAE04EC0-301F-11D3-BF4B-00C04F79EFBC}") = "FirstThread", "FirstThread\FirstThread.csproj", "{A60FCA77-6107-4999-B99F-381CC3E67B75}"
EndProject
Project("{FAE04EC0-301F-11D3-BF4B-00C04F79EFBC}") = "WaitingForCompletion", "WaitingForCompletion\WaitingForCompletion.csproj", "{876E99CF-C828-437F-9E6F-274DB0E6C575}"
EndProject
Project("{FAE04EC0-301F-11D3-BF4B-00C04F79EFBC}") = "ResponsiveUIDemo", "ResponsiveUIDemo\ResponsiveUIDemo.csproj", "{FFF3C124-5307-427E-B041-20DF5D1B771F}"
EndProject
Project("{FAE04EC0-301F-11D3-BF4B-00C04F79EFBC}") = "ThreadsParameters", "ThreadsParameters\ThreadsParameters.csproj", "{75263A18-D066-4D28-A9BB-B20BFF9B9178}"
EndProject
Global
	GlobalSection(SolutionConfigurationPlatforms) = preSolution
		Debug|Any CPU = Debug|Any CPU
		Release|Any CPU = Release|Any CPU
	EndGlobalSection
	GlobalSection(ProjectConfigurationPlatforms) = postSolution
		{2C3C91EF-80AB-4025-8617-AE3515D3FAEB}.Debug|Any CPU.ActiveCfg = Debug|Any CPU
		{2C3C91EF-80AB-4025-8617-AE3515D3FAEB}.Debug|Any CPU.Build.0 = Debug|Any CPU
		{2C3C91EF-80AB-4025-8617-AE3515D3FAEB}.Release|Any CPU.ActiveCfg = Release|Any CPU
		{2C3C91EF-80AB-4025-8617-AE3515D3FAEB}.Release|Any CPU.Build.0 = Release|Any CPU
		{89616E00-5E9F-4B85-A61E-C1FA545E43E8}.Debug|Any CPU.ActiveCfg = Debug|Any CPU
		{89616E00-5E9F-4B85-A61E-C1FA545E43E8}.Debug|Any CPU.Build.0 = Debug|Any CPU
		{89616E00-5E9F-4B85-A61E-C1FA545E43E8}.Release|Any CPU.ActiveCfg = Release|Any CPU
		{89616E00-5E9F-4B85-A61E-C1FA545E43E8}.Release|Any CPU.Build.0 = Release|Any CPU
		{05E1E77C-2B28-4EB3-80D9-34D21CEA9DAD}.Debug|Any CPU.ActiveCfg = Debug|Any CPU
		{05E1E77C-2B28-4EB3-80D9-34D21CEA9DAD}.Debug|Any CPU.Build.0 = Debug|Any CPU
		{05E1E77C-2B28-4EB3-80D9-34D21CEA9DAD}.Release|Any CPU.ActiveCfg = Release|Any CPU
		{05E1E77C-2B28-4EB3-80D9-34D21CEA9DAD}.Release|Any CPU.Build.0 = Release|Any CPU
		{0634EBA5-D629-48BC-9295-5C157AFB1320}.Debug|Any CPU.ActiveCfg = Debug|Any CPU
		{0634EBA5-D629-48BC-9295-5C157AFB1320}.Debug|Any CPU.Build.0 = Debug|Any CPU
		{0634EBA5-D629-48BC-9295-5C157AFB1320}.Release|Any CPU.ActiveCfg = Release|Any CPU
		{0634EBA5-D629-48BC-9295-5C157AFB1320}.Release|Any CPU.Build.0 = Release|Any CPU
		{A60FCA77-6107-4999-B99F-381CC3E67B75}.Debug|Any CPU.ActiveCfg = Debug|Any CPU
		{A60FCA77-6107-4999-B99F-381CC3E67B75}.Debug|Any CPU.Build.0 = Debug|Any CPU
		{A60FCA77-6107-4999-B99F-381CC3E67B75}.Release|Any CPU.ActiveCfg = Release|Any CPU
		{A60FCA77-6107-4999-B99F-381CC3E67B75}.Release|Any CPU.Build.0 = Release|Any CPU
		{876E99CF-C828-437F-9E6F-274DB0E6C575}.Debug|Any CPU.ActiveCfg = Debug|Any CPU
		{876E99CF-C828-437F-9E6F-274DB0E6C575}.Debug|Any CPU.Build.0 = Debug|Any CPU
		{876E99CF-C828-437F-9E6F-274DB0E6C575}.Release|Any CPU.ActiveCfg = Release|Any CPU
		{876E99CF-C828-437F-9E6F-274DB0E6C575}.Release|Any CPU.Build.0 = Release|Any CPU
		{FFF3C124-5307-427E-B041-20DF5D1B771F}.Debug|Any CPU.ActiveCfg = Debug|Any CPU
		{FFF3C124-5307-427E-B041-20DF5D1B771F}.Debug|Any CPU.Build.0 = Debug|Any CPU
		{FFF3C124-5307-427E-B041-20DF5D1B771F}.Release|Any CPU.ActiveCfg = Release|Any CPU
		{FFF3C124-5307-427E-B041-20DF5D1B771F}.Release|Any CPU.Build.0 = Release|Any CPU
		{75263A18-D066-4D28-A9BB-B20BFF9B9178}.Debug|Any CPU.ActiveCfg = Debug|Any CPU
		{75263A18-D066-4D28-A9BB-B20BFF9B9178}.Debug|Any CPU.Build.0 = Debug|Any CPU
		{75263A18-D066-4D28-A9BB-B20BFF9B9178}.Release|Any CPU.ActiveCfg = Release|Any CPU
		{75263A18-D066-4D28-A9BB-B20BFF9B9178}.Release|Any CPU.Build.0 = Release|Any CPU
	EndGlobalSection
	GlobalSection(SolutionProperties) = preSolution
		HideSolutionNode = FALSE
	EndGlobalSection
	GlobalSection(ExtensibilityGlobals) = postSolution
		SolutionGuid = {7CF2154F-FA50-4AF7-ABAF-62B9B779A463}
	EndGlobalSection
EndGlobal
