
Microsoft Visual Studio Solution File, Format Version 12.00
# Visual Studio 15
VisualStudioVersion = 15.0.26730.15
MinimumVisualStudioVersion = 10.0.40219.1
Project("{FAE04EC0-301F-11D3-BF4B-00C04F79EFBC}") = "DeadlockDemo", "DeadlockDemo\DeadlockDemo.csproj", "{6B3B185B-5DBD-4A1C-8D8E-A011586BFEA5}"
EndProject
Project("{FAE04EC0-301F-11D3-BF4B-00C04F79EFBC}") = "SemaphoreDemo", "SemaphoreDemo\SemaphoreDemo.csproj", "{0FEC619B-86C0-484C-B96B-24A0801ECD8B}"
EndProject
Project("{FAE04EC0-301F-11D3-BF4B-00C04F79EFBC}") = "AutoResetEventDemo", "AutoResetEventDemo\AutoResetEventDemo.csproj", "{C350E8A0-B804-4A77-8D96-32AAD5E0C782}"
EndProject
Project("{FAE04EC0-301F-11D3-BF4B-00C04F79EFBC}") = "CountdownEventDemo", "CountdownEventDemo\CountdownEventDemo.csproj", "{5339B6EA-EE52-4798-9471-0EB873AE11A2}"
EndProject
Project("{FAE04EC0-301F-11D3-BF4B-00C04F79EFBC}") = "ReadWriterLockDemp", "ReadWriterLockDemp\ReadWriterLockDemp.csproj", "{A39DF2BB-B01D-4B37-A492-3A1F6028D576}"
EndProject
Project("{FAE04EC0-301F-11D3-BF4B-00C04F79EFBC}") = "TaskContinuation", "TaskContinuation\TaskContinuation.csproj", "{B370C9E4-A53D-4098-94F5-DE9FD9B07A1D}"
EndProject
Project("{FAE04EC0-301F-11D3-BF4B-00C04F79EFBC}") = "WebScrapingDemo", "WebScrapingDemo\WebScrapingDemo.csproj", "{6D4658CD-D10A-44E9-816A-6CB3AB2A04E6}"
EndProject
Global
	GlobalSection(SolutionConfigurationPlatforms) = preSolution
		Debug|Any CPU = Debug|Any CPU
		Release|Any CPU = Release|Any CPU
	EndGlobalSection
	GlobalSection(ProjectConfigurationPlatforms) = postSolution
		{6B3B185B-5DBD-4A1C-8D8E-A011586BFEA5}.Debug|Any CPU.ActiveCfg = Debug|Any CPU
		{6B3B185B-5DBD-4A1C-8D8E-A011586BFEA5}.Debug|Any CPU.Build.0 = Debug|Any CPU
		{6B3B185B-5DBD-4A1C-8D8E-A011586BFEA5}.Release|Any CPU.ActiveCfg = Release|Any CPU
		{6B3B185B-5DBD-4A1C-8D8E-A011586BFEA5}.Release|Any CPU.Build.0 = Release|Any CPU
		{0FEC619B-86C0-484C-B96B-24A0801ECD8B}.Debug|Any CPU.ActiveCfg = Debug|Any CPU
		{0FEC619B-86C0-484C-B96B-24A0801ECD8B}.Debug|Any CPU.Build.0 = Debug|Any CPU
		{0FEC619B-86C0-484C-B96B-24A0801ECD8B}.Release|Any CPU.ActiveCfg = Release|Any CPU
		{0FEC619B-86C0-484C-B96B-24A0801ECD8B}.Release|Any CPU.Build.0 = Release|Any CPU
		{C350E8A0-B804-4A77-8D96-32AAD5E0C782}.Debug|Any CPU.ActiveCfg = Debug|Any CPU
		{C350E8A0-B804-4A77-8D96-32AAD5E0C782}.Debug|Any CPU.Build.0 = Debug|Any CPU
		{C350E8A0-B804-4A77-8D96-32AAD5E0C782}.Release|Any CPU.ActiveCfg = Release|Any CPU
		{C350E8A0-B804-4A77-8D96-32AAD5E0C782}.Release|Any CPU.Build.0 = Release|Any CPU
		{5339B6EA-EE52-4798-9471-0EB873AE11A2}.Debug|Any CPU.ActiveCfg = Debug|Any CPU
		{5339B6EA-EE52-4798-9471-0EB873AE11A2}.Debug|Any CPU.Build.0 = Debug|Any CPU
		{5339B6EA-EE52-4798-9471-0EB873AE11A2}.Release|Any CPU.ActiveCfg = Release|Any CPU
		{5339B6EA-EE52-4798-9471-0EB873AE11A2}.Release|Any CPU.Build.0 = Release|Any CPU
		{A39DF2BB-B01D-4B37-A492-3A1F6028D576}.Debug|Any CPU.ActiveCfg = Debug|Any CPU
		{A39DF2BB-B01D-4B37-A492-3A1F6028D576}.Debug|Any CPU.Build.0 = Debug|Any CPU
		{A39DF2BB-B01D-4B37-A492-3A1F6028D576}.Release|Any CPU.ActiveCfg = Release|Any CPU
		{A39DF2BB-B01D-4B37-A492-3A1F6028D576}.Release|Any CPU.Build.0 = Release|Any CPU
		{B370C9E4-A53D-4098-94F5-DE9FD9B07A1D}.Debug|Any CPU.ActiveCfg = Debug|Any CPU
		{B370C9E4-A53D-4098-94F5-DE9FD9B07A1D}.Debug|Any CPU.Build.0 = Debug|Any CPU
		{B370C9E4-A53D-4098-94F5-DE9FD9B07A1D}.Release|Any CPU.ActiveCfg = Release|Any CPU
		{B370C9E4-A53D-4098-94F5-DE9FD9B07A1D}.Release|Any CPU.Build.0 = Release|Any CPU
		{6D4658CD-D10A-44E9-816A-6CB3AB2A04E6}.Debug|Any CPU.ActiveCfg = Debug|Any CPU
		{6D4658CD-D10A-44E9-816A-6CB3AB2A04E6}.Debug|Any CPU.Build.0 = Debug|Any CPU
		{6D4658CD-D10A-44E9-816A-6CB3AB2A04E6}.Release|Any CPU.ActiveCfg = Release|Any CPU
		{6D4658CD-D10A-44E9-816A-6CB3AB2A04E6}.Release|Any CPU.Build.0 = Release|Any CPU
	EndGlobalSection
	GlobalSection(SolutionProperties) = preSolution
		HideSolutionNode = FALSE
	EndGlobalSection
	GlobalSection(ExtensibilityGlobals) = postSolution
		SolutionGuid = {1162825B-BF3F-438C-8852-93828B3CA4AF}
	EndGlobalSection
EndGlobal
