
Microsoft Visual Studio Solution File, Format Version 12.00
# Visual Studio 15
VisualStudioVersion = 15.0.27004.2008
MinimumVisualStudioVersion = 10.0.40219.1
Project("{FAE04EC0-301F-11D3-BF4B-00C04F79EFBC}") = "AsyncMethods", "AsyncMethods\AsyncMethods.csproj", "{A5F15638-4A73-4475-A802-F8863868DA7C}"
EndProject
Project("{FAE04EC0-301F-11D3-BF4B-00C04F79EFBC}") = "ParallelDemo", "ParallelDemo\ParallelDemo.csproj", "{F5C18E48-14C2-4DDA-B05C-0129F2C21B69}"
EndProject
Project("{FAE04EC0-301F-11D3-BF4B-00C04F79EFBC}") = "InvestigatingParallel", "InvestigatingParallel\InvestigatingParallel.csproj", "{AC581730-1927-45E5-A51F-F4ED52F704FB}"
EndProject
Project("{FAE04EC0-301F-11D3-BF4B-00C04F79EFBC}") = "ConcurrentCollectionsDemp", "ConcurrentCollectionsDemp\ConcurrentCollectionsDemp.csproj", "{C4B9D88C-0124-4CA1-9BE0-99D5E43B76F1}"
EndProject
Project("{FAE04EC0-301F-11D3-BF4B-00C04F79EFBC}") = "InterlockedDemo", "InterlockedDemo\InterlockedDemo.csproj", "{B9054632-5710-4F6E-966F-25651EFBA541}"
EndProject
Global
	GlobalSection(SolutionConfigurationPlatforms) = preSolution
		Debug|Any CPU = Debug|Any CPU
		Release|Any CPU = Release|Any CPU
	EndGlobalSection
	GlobalSection(ProjectConfigurationPlatforms) = postSolution
		{A5F15638-4A73-4475-A802-F8863868DA7C}.Debug|Any CPU.ActiveCfg = Debug|Any CPU
		{A5F15638-4A73-4475-A802-F8863868DA7C}.Debug|Any CPU.Build.0 = Debug|Any CPU
		{A5F15638-4A73-4475-A802-F8863868DA7C}.Release|Any CPU.ActiveCfg = Release|Any CPU
		{A5F15638-4A73-4475-A802-F8863868DA7C}.Release|Any CPU.Build.0 = Release|Any CPU
		{F5C18E48-14C2-4DDA-B05C-0129F2C21B69}.Debug|Any CPU.ActiveCfg = Debug|Any CPU
		{F5C18E48-14C2-4DDA-B05C-0129F2C21B69}.Debug|Any CPU.Build.0 = Debug|Any CPU
		{F5C18E48-14C2-4DDA-B05C-0129F2C21B69}.Release|Any CPU.ActiveCfg = Release|Any CPU
		{F5C18E48-14C2-4DDA-B05C-0129F2C21B69}.Release|Any CPU.Build.0 = Release|Any CPU
		{AC581730-1927-45E5-A51F-F4ED52F704FB}.Debug|Any CPU.ActiveCfg = Debug|Any CPU
		{AC581730-1927-45E5-A51F-F4ED52F704FB}.Debug|Any CPU.Build.0 = Debug|Any CPU
		{AC581730-1927-45E5-A51F-F4ED52F704FB}.Release|Any CPU.ActiveCfg = Release|Any CPU
		{AC581730-1927-45E5-A51F-F4ED52F704FB}.Release|Any CPU.Build.0 = Release|Any CPU
		{C4B9D88C-0124-4CA1-9BE0-99D5E43B76F1}.Debug|Any CPU.ActiveCfg = Debug|Any CPU
		{C4B9D88C-0124-4CA1-9BE0-99D5E43B76F1}.Debug|Any CPU.Build.0 = Debug|Any CPU
		{C4B9D88C-0124-4CA1-9BE0-99D5E43B76F1}.Release|Any CPU.ActiveCfg = Release|Any CPU
		{C4B9D88C-0124-4CA1-9BE0-99D5E43B76F1}.Release|Any CPU.Build.0 = Release|Any CPU
		{B9054632-5710-4F6E-966F-25651EFBA541}.Debug|Any CPU.ActiveCfg = Debug|Any CPU
		{B9054632-5710-4F6E-966F-25651EFBA541}.Debug|Any CPU.Build.0 = Debug|Any CPU
		{B9054632-5710-4F6E-966F-25651EFBA541}.Release|Any CPU.ActiveCfg = Release|Any CPU
		{B9054632-5710-4F6E-966F-25651EFBA541}.Release|Any CPU.Build.0 = Release|Any CPU
	EndGlobalSection
	GlobalSection(SolutionProperties) = preSolution
		HideSolutionNode = FALSE
	EndGlobalSection
	GlobalSection(ExtensibilityGlobals) = postSolution
		SolutionGuid = {BFD95EA9-0E7D-4CB8-9906-1292C8C4BB08}
	EndGlobalSection
EndGlobal
