
Microsoft Visual Studio Solution File, Format Version 12.00
# Visual Studio 15
VisualStudioVersion = 15.0.26730.15
MinimumVisualStudioVersion = 10.0.40219.1
Project("{FAE04EC0-301F-11D3-BF4B-00C04F79EFBC}") = "GuiThreads", "GuiThreads\GuiThreads.csproj", "{3C4740DD-8185-4D92-9F32-4486C11A02AB}"
EndProject
Project("{FAE04EC0-301F-11D3-BF4B-00C04F79EFBC}") = "GrayscaleDemo", "GrayscaleDemo\GrayscaleDemo.csproj", "{797C7123-BF59-4A56-A764-2851046BAB86}"
EndProject
Project("{FAE04EC0-301F-11D3-BF4B-00C04F79EFBC}") = "CancellationPattern", "CancellationPattern\CancellationPattern.csproj", "{722A4ADC-3905-4756-9031-5E08A5CE024D}"
EndProject
Global
	GlobalSection(SolutionConfigurationPlatforms) = preSolution
		Debug|Any CPU = Debug|Any CPU
		Release|Any CPU = Release|Any CPU
	EndGlobalSection
	GlobalSection(ProjectConfigurationPlatforms) = postSolution
		{3C4740DD-8185-4D92-9F32-4486C11A02AB}.Debug|Any CPU.ActiveCfg = Debug|Any CPU
		{3C4740DD-8185-4D92-9F32-4486C11A02AB}.Debug|Any CPU.Build.0 = Debug|Any CPU
		{3C4740DD-8185-4D92-9F32-4486C11A02AB}.Release|Any CPU.ActiveCfg = Release|Any CPU
		{3C4740DD-8185-4D92-9F32-4486C11A02AB}.Release|Any CPU.Build.0 = Release|Any CPU
		{797C7123-BF59-4A56-A764-2851046BAB86}.Debug|Any CPU.ActiveCfg = Debug|Any CPU
		{797C7123-BF59-4A56-A764-2851046BAB86}.Debug|Any CPU.Build.0 = Debug|Any CPU
		{797C7123-BF59-4A56-A764-2851046BAB86}.Release|Any CPU.ActiveCfg = Release|Any CPU
		{797C7123-BF59-4A56-A764-2851046BAB86}.Release|Any CPU.Build.0 = Release|Any CPU
		{722A4ADC-3905-4756-9031-5E08A5CE024D}.Debug|Any CPU.ActiveCfg = Debug|Any CPU
		{722A4ADC-3905-4756-9031-5E08A5CE024D}.Debug|Any CPU.Build.0 = Debug|Any CPU
		{722A4ADC-3905-4756-9031-5E08A5CE024D}.Release|Any CPU.ActiveCfg = Release|Any CPU
		{722A4ADC-3905-4756-9031-5E08A5CE024D}.Release|Any CPU.Build.0 = Release|Any CPU
	EndGlobalSection
	GlobalSection(SolutionProperties) = preSolution
		HideSolutionNode = FALSE
	EndGlobalSection
	GlobalSection(ExtensibilityGlobals) = postSolution
		SolutionGuid = {3F6C5EFC-2C89-427E-8EC2-B90393DAFC0B}
	EndGlobalSection
EndGlobal
